
Microsoft Visual Studio Solution File, Format Version 12.00
# Visual Studio Version 16
VisualStudioVersion = 16.0.32126.315
MinimumVisualStudioVersion = 10.0.40219.1
Project("{9A19103F-16F7-4668-BE54-9A1E7A4F7556}") = "Bowlers", "Bowlers.csproj", "{35A133E5-BD01-48D6-B9FB-4864F6B079B9}"
EndProject
Global
	GlobalSection(SolutionConfigurationPlatforms) = preSolution
		Debug|Any CPU = Debug|Any CPU
		Release|Any CPU = Release|Any CPU
	EndGlobalSection
	GlobalSection(ProjectConfigurationPlatforms) = postSolution
		{35A133E5-BD01-48D6-B9FB-4864F6B079B9}.Debug|Any CPU.ActiveCfg = Debug|Any CPU
		{35A133E5-BD01-48D6-B9FB-4864F6B079B9}.Debug|Any CPU.Build.0 = Debug|Any CPU
		{35A133E5-BD01-48D6-B9FB-4864F6B079B9}.Release|Any CPU.ActiveCfg = Release|Any CPU
		{35A133E5-BD01-48D6-B9FB-4864F6B079B9}.Release|Any CPU.Build.0 = Release|Any CPU
	EndGlobalSection
	GlobalSection(SolutionProperties) = preSolution
		HideSolutionNode = FALSE
	EndGlobalSection
	GlobalSection(ExtensibilityGlobals) = postSolution
		SolutionGuid = {834D0F0F-9E4A-4028-B91A-072A175BB4AD}
	EndGlobalSection
EndGlobal
